// !$*UTF8*$!
{
	archiveVersion = 1;
	classes = {
	};
	objectVersion = 50;
	objects = {

/* Begin PBXBuildFile section */
		5A330F3924C5C99400C994C5 /* FollowingViewController.swift in Sources */ = {isa = PBXBuildFile; fileRef = 5A330F3824C5C99400C994C5 /* FollowingViewController.swift */; };
		5A330F3B24C5D65000C994C5 /* VideoCell.swift in Sources */ = {isa = PBXBuildFile; fileRef = 5A330F3A24C5D65000C994C5 /* VideoCell.swift */; };
		5A330F3E24C5E9C700C994C5 /* Video.swift in Sources */ = {isa = PBXBuildFile; fileRef = 5A330F3D24C5E9C700C994C5 /* Video.swift */; };
		5A5A96232528BC1600A295BC /* Protocols.swift in Sources */ = {isa = PBXBuildFile; fileRef = 5A5A96222528BC1600A295BC /* Protocols.swift */; };
		5A5A9629252927B600A295BC /* Category.swift in Sources */ = {isa = PBXBuildFile; fileRef = 5A5A9628252927B600A295BC /* Category.swift */; };
		5A662BC92527A46F0073D8F1 /* SelectedCategoryController.swift in Sources */ = {isa = PBXBuildFile; fileRef = 5A662BC82527A46F0073D8F1 /* SelectedCategoryController.swift */; };
		5AA918512524BC6A00450481 /* CategoryCell.swift in Sources */ = {isa = PBXBuildFile; fileRef = 5AA918502524BC6A00450481 /* CategoryCell.swift */; };
		5AA918542524C86F00450481 /* CollectionInTableViewCell.swift in Sources */ = {isa = PBXBuildFile; fileRef = 5AA918532524C86F00450481 /* CollectionInTableViewCell.swift */; };
		5AE212E2251FB166006832FC /* ProfileController.swift in Sources */ = {isa = PBXBuildFile; fileRef = 5AE212E1251FB166006832FC /* ProfileController.swift */; };
		5AEF3681252A02AB00635554 /* VideoLauncher.swift in Sources */ = {isa = PBXBuildFile; fileRef = 5AEF3680252A02AB00635554 /* VideoLauncher.swift */; };
		5AEF368B252CCD4800635554 /* VideoControls.swift in Sources */ = {isa = PBXBuildFile; fileRef = 5AEF368A252CCD4800635554 /* VideoControls.swift */; };
		5AF2353924C5C135008C3F53 /* AppDelegate.swift in Sources */ = {isa = PBXBuildFile; fileRef = 5AF2353824C5C135008C3F53 /* AppDelegate.swift */; };
		5AF2353B24C5C135008C3F53 /* SceneDelegate.swift in Sources */ = {isa = PBXBuildFile; fileRef = 5AF2353A24C5C135008C3F53 /* SceneDelegate.swift */; };
		5AF2353D24C5C135008C3F53 /* ViewController.swift in Sources */ = {isa = PBXBuildFile; fileRef = 5AF2353C24C5C135008C3F53 /* ViewController.swift */; };
		5AF2354224C5C137008C3F53 /* Assets.xcassets in Resources */ = {isa = PBXBuildFile; fileRef = 5AF2354124C5C137008C3F53 /* Assets.xcassets */; };
		5AF2354524C5C137008C3F53 /* LaunchScreen.storyboard in Resources */ = {isa = PBXBuildFile; fileRef = 5AF2354324C5C137008C3F53 /* LaunchScreen.storyboard */; };
/* End PBXBuildFile section */

/* Begin PBXFileReference section */
		5A330F3824C5C99400C994C5 /* FollowingViewController.swift */ = {isa = PBXFileReference; lastKnownFileType = sourcecode.swift; path = FollowingViewController.swift; sourceTree = "<group>"; };
		5A330F3A24C5D65000C994C5 /* VideoCell.swift */ = {isa = PBXFileReference; lastKnownFileType = sourcecode.swift; path = VideoCell.swift; sourceTree = "<group>"; };
		5A330F3D24C5E9C700C994C5 /* Video.swift */ = {isa = PBXFileReference; lastKnownFileType = sourcecode.swift; path = Video.swift; sourceTree = "<group>"; };
		5A5A96222528BC1600A295BC /* Protocols.swift */ = {isa = PBXFileReference; lastKnownFileType = sourcecode.swift; path = Protocols.swift; sourceTree = "<group>"; };
		5A5A9628252927B600A295BC /* Category.swift */ = {isa = PBXFileReference; lastKnownFileType = sourcecode.swift; path = Category.swift; sourceTree = "<group>"; };
		5A662BC82527A46F0073D8F1 /* SelectedCategoryController.swift */ = {isa = PBXFileReference; lastKnownFileType = sourcecode.swift; path = SelectedCategoryController.swift; sourceTree = "<group>"; };
		5AA918502524BC6A00450481 /* CategoryCell.swift */ = {isa = PBXFileReference; lastKnownFileType = sourcecode.swift; path = CategoryCell.swift; sourceTree = "<group>"; };
		5AA918532524C86F00450481 /* CollectionInTableViewCell.swift */ = {isa = PBXFileReference; lastKnownFileType = sourcecode.swift; path = CollectionInTableViewCell.swift; sourceTree = "<group>"; };
		5AE212E1251FB166006832FC /* ProfileController.swift */ = {isa = PBXFileReference; lastKnownFileType = sourcecode.swift; path = ProfileController.swift; sourceTree = "<group>"; };
		5AEF3680252A02AB00635554 /* VideoLauncher.swift */ = {isa = PBXFileReference; lastKnownFileType = sourcecode.swift; path = VideoLauncher.swift; sourceTree = "<group>"; };
		5AEF368A252CCD4800635554 /* VideoControls.swift */ = {isa = PBXFileReference; lastKnownFileType = sourcecode.swift; path = VideoControls.swift; sourceTree = "<group>"; };
		5AF2353524C5C135008C3F53 /* Programatic_UI.app */ = {isa = PBXFileReference; explicitFileType = wrapper.application; includeInIndex = 0; path = Programatic_UI.app; sourceTree = BUILT_PRODUCTS_DIR; };
		5AF2353824C5C135008C3F53 /* AppDelegate.swift */ = {isa = PBXFileReference; lastKnownFileType = sourcecode.swift; path = AppDelegate.swift; sourceTree = "<group>"; };
		5AF2353A24C5C135008C3F53 /* SceneDelegate.swift */ = {isa = PBXFileReference; lastKnownFileType = sourcecode.swift; path = SceneDelegate.swift; sourceTree = "<group>"; };
		5AF2353C24C5C135008C3F53 /* ViewController.swift */ = {isa = PBXFileReference; lastKnownFileType = sourcecode.swift; path = ViewController.swift; sourceTree = "<group>"; };
		5AF2354124C5C137008C3F53 /* Assets.xcassets */ = {isa = PBXFileReference; lastKnownFileType = folder.assetcatalog; path = Assets.xcassets; sourceTree = "<group>"; };
		5AF2354424C5C137008C3F53 /* Base */ = {isa = PBXFileReference; lastKnownFileType = file.storyboard; name = Base; path = Base.lproj/LaunchScreen.storyboard; sourceTree = "<group>"; };
		5AF2354624C5C137008C3F53 /* Info.plist */ = {isa = PBXFileReference; lastKnownFileType = text.plist.xml; path = Info.plist; sourceTree = "<group>"; };
/* End PBXFileReference section */

/* Begin PBXFrameworksBuildPhase section */
		5AF2353224C5C135008C3F53 /* Frameworks */ = {
			isa = PBXFrameworksBuildPhase;
			buildActionMask = 2147483647;
			files = (
			);
			runOnlyForDeploymentPostprocessing = 0;
		};
/* End PBXFrameworksBuildPhase section */

/* Begin PBXGroup section */
		5A330F3C24C5E70900C994C5 /* Model */ = {
			isa = PBXGroup;
			children = (
				5A330F3D24C5E9C700C994C5 /* Video.swift */,
				5A5A9628252927B600A295BC /* Category.swift */,
			);
			path = Model;
			sourceTree = "<group>";
		};
		5A5A96212528BC0200A295BC /* Protocols */ = {
			isa = PBXGroup;
			children = (
				5A5A96222528BC1600A295BC /* Protocols.swift */,
			);
			path = Protocols;
			sourceTree = "<group>";
		};
		5A5A96302529F93900A295BC /* View */ = {
			isa = PBXGroup;
			children = (
				5A330F3A24C5D65000C994C5 /* VideoCell.swift */,
				5AA918502524BC6A00450481 /* CategoryCell.swift */,
			);
			path = View;
			sourceTree = "<group>";
		};
		5AE212E0251FB123006832FC /* Controllers */ = {
			isa = PBXGroup;
			children = (
				5AF2353C24C5C135008C3F53 /* ViewController.swift */,
				5A330F3824C5C99400C994C5 /* FollowingViewController.swift */,
				5AE212E1251FB166006832FC /* ProfileController.swift */,
				5AA918532524C86F00450481 /* CollectionInTableViewCell.swift */,
				5A662BC82527A46F0073D8F1 /* SelectedCategoryController.swift */,
			);
			path = Controllers;
			sourceTree = "<group>";
		};
		5AEF367F252A024500635554 /* Helpers */ = {
			isa = PBXGroup;
			children = (
				5AEF3680252A02AB00635554 /* VideoLauncher.swift */,
				5AEF368A252CCD4800635554 /* VideoControls.swift */,
			);
			path = Helpers;
			sourceTree = "<group>";
		};
		5AF2352C24C5C135008C3F53 = {
			isa = PBXGroup;
			children = (
				5AF2353724C5C135008C3F53 /* Programatic_UI */,
				5AF2353624C5C135008C3F53 /* Products */,
			);
			sourceTree = "<group>";
		};
		5AF2353624C5C135008C3F53 /* Products */ = {
			isa = PBXGroup;
			children = (
				5AF2353524C5C135008C3F53 /* Programatic_UI.app */,
			);
			name = Products;
			sourceTree = "<group>";
		};
		5AF2353724C5C135008C3F53 /* Programatic_UI */ = {
			isa = PBXGroup;
			children = (
				5AEF367F252A024500635554 /* Helpers */,
				5A330F3C24C5E70900C994C5 /* Model */,
				5A5A96302529F93900A295BC /* View */,
				5AE212E0251FB123006832FC /* Controllers */,
				5A5A96212528BC0200A295BC /* Protocols */,
				5AF2353824C5C135008C3F53 /* AppDelegate.swift */,
				5AF2353A24C5C135008C3F53 /* SceneDelegate.swift */,
				5AF2354124C5C137008C3F53 /* Assets.xcassets */,
				5AF2354324C5C137008C3F53 /* LaunchScreen.storyboard */,
				5AF2354624C5C137008C3F53 /* Info.plist */,
			);
			path = Programatic_UI;
			sourceTree = "<group>";
		};
/* End PBXGroup section */

/* Begin PBXNativeTarget section */
		5AF2353424C5C135008C3F53 /* Programatic_UI */ = {
			isa = PBXNativeTarget;
			buildConfigurationList = 5AF2354924C5C137008C3F53 /* Build configuration list for PBXNativeTarget "Programatic_UI" */;
			buildPhases = (
				5AF2353124C5C135008C3F53 /* Sources */,
				5AF2353224C5C135008C3F53 /* Frameworks */,
				5AF2353324C5C135008C3F53 /* Resources */,
			);
			buildRules = (
			);
			dependencies = (
			);
			name = Programatic_UI;
			productName = Programatic_UI;
			productReference = 5AF2353524C5C135008C3F53 /* Programatic_UI.app */;
			productType = "com.apple.product-type.application";
		};
/* End PBXNativeTarget section */

/* Begin PBXProject section */
		5AF2352D24C5C135008C3F53 /* Project object */ = {
			isa = PBXProject;
			attributes = {
				LastSwiftUpdateCheck = 1160;
				LastUpgradeCheck = 1200;
				ORGANIZATIONNAME = "Tomas Boda";
				TargetAttributes = {
					5AF2353424C5C135008C3F53 = {
						CreatedOnToolsVersion = 11.6;
					};
				};
			};
			buildConfigurationList = 5AF2353024C5C135008C3F53 /* Build configuration list for PBXProject "Programatic_UI" */;
			compatibilityVersion = "Xcode 9.3";
			developmentRegion = en;
			hasScannedForEncodings = 0;
			knownRegions = (
				en,
				Base,
			);
			mainGroup = 5AF2352C24C5C135008C3F53;
			productRefGroup = 5AF2353624C5C135008C3F53 /* Products */;
			projectDirPath = "";
			projectRoot = "";
			targets = (
				5AF2353424C5C135008C3F53 /* Programatic_UI */,
			);
		};
/* End PBXProject section */

/* Begin PBXResourcesBuildPhase section */
		5AF2353324C5C135008C3F53 /* Resources */ = {
			isa = PBXResourcesBuildPhase;
			buildActionMask = 2147483647;
			files = (
				5AF2354524C5C137008C3F53 /* LaunchScreen.storyboard in Resources */,
				5AF2354224C5C137008C3F53 /* Assets.xcassets in Resources */,
			);
			runOnlyForDeploymentPostprocessing = 0;
		};
/* End PBXResourcesBuildPhase section */

/* Begin PBXSourcesBuildPhase section */
		5AF2353124C5C135008C3F53 /* Sources */ = {
			isa = PBXSourcesBuildPhase;
			buildActionMask = 2147483647;
			files = (
				5A662BC92527A46F0073D8F1 /* SelectedCategoryController.swift in Sources */,
				5AE212E2251FB166006832FC /* ProfileController.swift in Sources */,
				5AF2353D24C5C135008C3F53 /* ViewController.swift in Sources */,
				5AEF3681252A02AB00635554 /* VideoLauncher.swift in Sources */,
				5A5A96232528BC1600A295BC /* Protocols.swift in Sources */,
				5AEF368B252CCD4800635554 /* VideoControls.swift in Sources */,
				5A330F3E24C5E9C700C994C5 /* Video.swift in Sources */,
				5AA918542524C86F00450481 /* CollectionInTableViewCell.swift in Sources */,
				5A330F3B24C5D65000C994C5 /* VideoCell.swift in Sources */,
				5A330F3924C5C99400C994C5 /* FollowingViewController.swift in Sources */,
				5A5A9629252927B600A295BC /* Category.swift in Sources */,
				5AF2353924C5C135008C3F53 /* AppDelegate.swift in Sources */,
				5AF2353B24C5C135008C3F53 /* SceneDelegate.swift in Sources */,
				5AA918512524BC6A00450481 /* CategoryCell.swift in Sources */,
			);
			runOnlyForDeploymentPostprocessing = 0;
		};
/* End PBXSourcesBuildPhase section */

/* Begin PBXVariantGroup section */
		5AF2354324C5C137008C3F53 /* LaunchScreen.storyboard */ = {
			isa = PBXVariantGroup;
			children = (
				5AF2354424C5C137008C3F53 /* Base */,
			);
			name = LaunchScreen.storyboard;
			sourceTree = "<group>";
		};
/* End PBXVariantGroup section */

/* Begin XCBuildConfiguration section */
		5AF2354724C5C137008C3F53 /* Debug */ = {
			isa = XCBuildConfiguration;
			buildSettings = {
				ALWAYS_SEARCH_USER_PATHS = NO;
				CLANG_ANALYZER_NONNULL = YES;
				CLANG_ANALYZER_NUMBER_OBJECT_CONVERSION = YES_AGGRESSIVE;
				CLANG_CXX_LANGUAGE_STANDARD = "gnu++14";
				CLANG_CXX_LIBRARY = "libc++";
				CLANG_ENABLE_MODULES = YES;
				CLANG_ENABLE_OBJC_ARC = YES;
				CLANG_ENABLE_OBJC_WEAK = YES;
				CLANG_WARN_BLOCK_CAPTURE_AUTORELEASING = YES;
				CLANG_WARN_BOOL_CONVERSION = YES;
				CLANG_WARN_COMMA = YES;
				CLANG_WARN_CONSTANT_CONVERSION = YES;
				CLANG_WARN_DEPRECATED_OBJC_IMPLEMENTATIONS = YES;
				CLANG_WARN_DIRECT_OBJC_ISA_USAGE = YES_ERROR;
				CLANG_WARN_DOCUMENTATION_COMMENTS = YES;
				CLANG_WARN_EMPTY_BODY = YES;
				CLANG_WARN_ENUM_CONVERSION = YES;
				CLANG_WARN_INFINITE_RECURSION = YES;
				CLANG_WARN_INT_CONVERSION = YES;
				CLANG_WARN_NON_LITERAL_NULL_CONVERSION = YES;
				CLANG_WARN_OBJC_IMPLICIT_RETAIN_SELF = YES;
				CLANG_WARN_OBJC_LITERAL_CONVERSION = YES;
				CLANG_WARN_OBJC_ROOT_CLASS = YES_ERROR;
				CLANG_WARN_QUOTED_INCLUDE_IN_FRAMEWORK_HEADER = YES;
				CLANG_WARN_RANGE_LOOP_ANALYSIS = YES;
				CLANG_WARN_STRICT_PROTOTYPES = YES;
				CLANG_WARN_SUSPICIOUS_MOVE = YES;
				CLANG_WARN_UNGUARDED_AVAILABILITY = YES_AGGRESSIVE;
				CLANG_WARN_UNREACHABLE_CODE = YES;
				CLANG_WARN__DUPLICATE_METHOD_MATCH = YES;
				COPY_PHASE_STRIP = NO;
				DEBUG_INFORMATION_FORMAT = dwarf;
				ENABLE_STRICT_OBJC_MSGSEND = YES;
				ENABLE_TESTABILITY = YES;
				GCC_C_LANGUAGE_STANDARD = gnu11;
				GCC_DYNAMIC_NO_PIC = NO;
				GCC_NO_COMMON_BLOCKS = YES;
				GCC_OPTIMIZATION_LEVEL = 0;
				GCC_PREPROCESSOR_DEFINITIONS = (
					"DEBUG=1",
					"$(inherited)",
				);
				GCC_WARN_64_TO_32_BIT_CONVERSION = YES;
				GCC_WARN_ABOUT_RETURN_TYPE = YES_ERROR;
				GCC_WARN_UNDECLARED_SELECTOR = YES;
				GCC_WARN_UNINITIALIZED_AUTOS = YES_AGGRESSIVE;
				GCC_WARN_UNUSED_FUNCTION = YES;
				GCC_WARN_UNUSED_VARIABLE = YES;
				IPHONEOS_DEPLOYMENT_TARGET = 13.6;
				MTL_ENABLE_DEBUG_INFO = INCLUDE_SOURCE;
				MTL_FAST_MATH = YES;
				ONLY_ACTIVE_ARCH = YES;
				SDKROOT = iphoneos;
				SWIFT_ACTIVE_COMPILATION_CONDITIONS = DEBUG;
				SWIFT_OPTIMIZATION_LEVEL = "-Onone";
			};
			name = Debug;
		};
		5AF2354824C5C137008C3F53 /* Release */ = {
			isa = XCBuildConfiguration;
			buildSettings = {
				ALWAYS_SEARCH_USER_PATHS = NO;
				CLANG_ANALYZER_NONNULL = YES;
				CLANG_ANALYZER_NUMBER_OBJECT_CONVERSION = YES_AGGRESSIVE;
				CLANG_CXX_LANGUAGE_STANDARD = "gnu++14";
				CLANG_CXX_LIBRARY = "libc++";
				CLANG_ENABLE_MODULES = YES;
				CLANG_ENABLE_OBJC_ARC = YES;
				CLANG_ENABLE_OBJC_WEAK = YES;
				CLANG_WARN_BLOCK_CAPTURE_AUTORELEASING = YES;
				CLANG_WARN_BOOL_CONVERSION = YES;
				CLANG_WARN_COMMA = YES;
				CLANG_WARN_CONSTANT_CONVERSION = YES;
				CLANG_WARN_DEPRECATED_OBJC_IMPLEMENTATIONS = YES;
				CLANG_WARN_DIRECT_OBJC_ISA_USAGE = YES_ERROR;
				CLANG_WARN_DOCUMENTATION_COMMENTS = YES;
				CLANG_WARN_EMPTY_BODY = YES;
				CLANG_WARN_ENUM_CONVERSION = YES;
				CLANG_WARN_INFINITE_RECURSION = YES;
				CLANG_WARN_INT_CONVERSION = YES;
				CLANG_WARN_NON_LITERAL_NULL_CONVERSION = YES;
				CLANG_WARN_OBJC_IMPLICIT_RETAIN_SELF = YES;
				CLANG_WARN_OBJC_LITERAL_CONVERSION = YES;
				CLANG_WARN_OBJC_ROOT_CLASS = YES_ERROR;
				CLANG_WARN_QUOTED_INCLUDE_IN_FRAMEWORK_HEADER = YES;
				CLANG_WARN_RANGE_LOOP_ANALYSIS = YES;
				CLANG_WARN_STRICT_PROTOTYPES = YES;
				CLANG_WARN_SUSPICIOUS_MOVE = YES;
				CLANG_WARN_UNGUARDED_AVAILABILITY = YES_AGGRESSIVE;
				CLANG_WARN_UNREACHABLE_CODE = YES;
				CLANG_WARN__DUPLICATE_METHOD_MATCH = YES;
				COPY_PHASE_STRIP = NO;
				DEBUG_INFORMATION_FORMAT = "dwarf-with-dsym";
				ENABLE_NS_ASSERTIONS = NO;
				ENABLE_STRICT_OBJC_MSGSEND = YES;
				GCC_C_LANGUAGE_STANDARD = gnu11;
				GCC_NO_COMMON_BLOCKS = YES;
				GCC_WARN_64_TO_32_BIT_CONVERSION = YES;
				GCC_WARN_ABOUT_RETURN_TYPE = YES_ERROR;
				GCC_WARN_UNDECLARED_SELECTOR = YES;
				GCC_WARN_UNINITIALIZED_AUTOS = YES_AGGRESSIVE;
				GCC_WARN_UNUSED_FUNCTION = YES;
				GCC_WARN_UNUSED_VARIABLE = YES;
				IPHONEOS_DEPLOYMENT_TARGET = 13.6;
				MTL_ENABLE_DEBUG_INFO = NO;
				MTL_FAST_MATH = YES;
				SDKROOT = iphoneos;
				SWIFT_COMPILATION_MODE = wholemodule;
				SWIFT_OPTIMIZATION_LEVEL = "-O";
				VALIDATE_PRODUCT = YES;
			};
			name = Release;
		};
		5AF2354A24C5C137008C3F53 /* Debug */ = {
			isa = XCBuildConfiguration;
			buildSettings = {
				ASSETCATALOG_COMPILER_APPICON_NAME = AppIcon;
				CODE_SIGN_STYLE = Automatic;
				DEVELOPMENT_TEAM = QYP8H73P8D;
				INFOPLIST_FILE = Programatic_UI/Info.plist;
				LD_RUNPATH_SEARCH_PATHS = (
					"$(inherited)",
					"@executable_path/Frameworks",
				);
				PRODUCT_BUNDLE_IDENTIFIER = "com.tomasboda.Programatic-UI";
				PRODUCT_NAME = "$(TARGET_NAME)";
				SWIFT_VERSION = 5.0;
				TARGETED_DEVICE_FAMILY = "1,2";
			};
			name = Debug;
		};
		5AF2354B24C5C137008C3F53 /* Release */ = {
			isa = XCBuildConfiguration;
			buildSettings = {
				ASSETCATALOG_COMPILER_APPICON_NAME = AppIcon;
				CODE_SIGN_STYLE = Automatic;
				DEVELOPMENT_TEAM = QYP8H73P8D;
				INFOPLIST_FILE = Programatic_UI/Info.plist;
				LD_RUNPATH_SEARCH_PATHS = (
					"$(inherited)",
					"@executable_path/Frameworks",
				);
				PRODUCT_BUNDLE_IDENTIFIER = "com.tomasboda.Programatic-UI";
				PRODUCT_NAME = "$(TARGET_NAME)";
				SWIFT_VERSION = 5.0;
				TARGETED_DEVICE_FAMILY = "1,2";
			};
			name = Release;
		};
/* End XCBuildConfiguration section */

/* Begin XCConfigurationList section */
		5AF2353024C5C135008C3F53 /* Build configuration list for PBXProject "Programatic_UI" */ = {
			isa = XCConfigurationList;
			buildConfigurations = (
				5AF2354724C5C137008C3F53 /* Debug */,
				5AF2354824C5C137008C3F53 /* Release */,
			);
			defaultConfigurationIsVisible = 0;
			defaultConfigurationName = Release;
		};
		5AF2354924C5C137008C3F53 /* Build configuration list for PBXNativeTarget "Programatic_UI" */ = {
			isa = XCConfigurationList;
			buildConfigurations = (
				5AF2354A24C5C137008C3F53 /* Debug */,
				5AF2354B24C5C137008C3F53 /* Release */,
			);
			defaultConfigurationIsVisible = 0;
			defaultConfigurationName = Release;
		};
/* End XCConfigurationList section */
	};
	rootObject = 5AF2352D24C5C135008C3F53 /* Project object */;
}
